
Microsoft Visual Studio Solution File, Format Version 12.00
# Visual Studio Version 16
VisualStudioVersion = 16.0.29806.167
MinimumVisualStudioVersion = 10.0.40219.1
Project("{FAE04EC0-301F-11D3-BF4B-00C04F79EFBC}") = "GeolocalisationFO.Android", "GeolocalisationFO\GeolocalisationFO.Android\GeolocalisationFO.Android.csproj", "{5AB60654-09C1-4002-B0FB-2CAD9E932540}"
EndProject
Project("{FAE04EC0-301F-11D3-BF4B-00C04F79EFBC}") = "GeolocalisationFO.iOS", "GeolocalisationFO\GeolocalisationFO.iOS\GeolocalisationFO.iOS.csproj", "{A637DC37-4987-4DAD-A220-BA3EFB9B0AB7}"
EndProject
Project("{9A19103F-16F7-4668-BE54-9A1E7A4F7556}") = "GeolocalisationFO", "GeolocalisationFO\GeolocalisationFO\GeolocalisationFO.csproj", "{35DCD3F3-9446-425C-A5B2-EDE62D5B0203}"
EndProject
Project("{FAE04EC0-301F-11D3-BF4B-00C04F79EFBC}") = "GeolocalisationFO_Admin.Android", "GeolocalisationFO_Admin\GeolocalisationFO_Admin.Android\GeolocalisationFO_Admin.Android.csproj", "{58E921AD-82D9-4A58-9581-0EE09429EC78}"
	ProjectSection(ProjectDependencies) = postProject
		{B29B19A1-06F3-4B2C-8D31-D0F2433D63C8} = {B29B19A1-06F3-4B2C-8D31-D0F2433D63C8}
	EndProjectSection
EndProject
Project("{FAE04EC0-301F-11D3-BF4B-00C04F79EFBC}") = "GeolocalisationFO_Admin.iOS", "GeolocalisationFO_Admin\GeolocalisationFO_Admin.iOS\GeolocalisationFO_Admin.iOS.csproj", "{3B54F267-BDCE-4DF0-9BFE-F9BAA6F935D0}"
EndProject
Project("{9A19103F-16F7-4668-BE54-9A1E7A4F7556}") = "GeolocalisationFO_Admin", "GeolocalisationFO_Admin\GeolocalisationFO_Admin\GeolocalisationFO_Admin.csproj", "{A1104547-3E30-498A-8591-D186039D8746}"
EndProject
Project("{2150E333-8FDC-42A3-9474-1A3956D46DE8}") = "GeolocalisationFO-Client", "GeolocalisationFO-Client", "{75CD8063-E6C2-43FF-9892-A86A622AA31B}"
EndProject
Project("{2150E333-8FDC-42A3-9474-1A3956D46DE8}") = "GeolocalisationFO-Admin", "GeolocalisationFO-Admin", "{44D318D2-38A9-44CE-908A-E36025456DF1}"
EndProject
Project("{2150E333-8FDC-42A3-9474-1A3956D46DE8}") = "GeolocalisationFO-Admin-Mobile", "GeolocalisationFO-Admin-Mobile", "{00BD5829-F81D-4037-807E-3951354A400B}"
EndProject
Project("{2150E333-8FDC-42A3-9474-1A3956D46DE8}") = "GeolocalisationFO-Admin-Web", "GeolocalisationFO-Admin-Web", "{3A356063-950E-4BDB-8E17-665C4E07C181}"
EndProject
Project("{2150E333-8FDC-42A3-9474-1A3956D46DE8}") = "Shared", "Shared", "{9F39D4C6-5FC1-4922-A3CF-84655E33B39D}"
EndProject
Project("{FAE04EC0-301F-11D3-BF4B-00C04F79EFBC}") = "GeolocalisationFO_Shared", "GeolocalisationFO_Shared\GeolocalisationFO_Shared.csproj", "{30566CFB-4A26-4E88-8FD1-0A3444113981}"
EndProject
Project("{9A19103F-16F7-4668-BE54-9A1E7A4F7556}") = "GeolocalisationFO_Admin_Web", "GeolocalisationFO_Admin_Web\GeolocalisationFO_Admin_Web.csproj", "{B29B19A1-06F3-4B2C-8D31-D0F2433D63C8}"
EndProject
Global
	GlobalSection(SolutionConfigurationPlatforms) = preSolution
		Debug|Any CPU = Debug|Any CPU
		Debug|iPhone = Debug|iPhone
		Debug|iPhoneSimulator = Debug|iPhoneSimulator
		Release|Any CPU = Release|Any CPU
		Release|iPhone = Release|iPhone
		Release|iPhoneSimulator = Release|iPhoneSimulator
	EndGlobalSection
	GlobalSection(ProjectConfigurationPlatforms) = postSolution
		{5AB60654-09C1-4002-B0FB-2CAD9E932540}.Debug|Any CPU.ActiveCfg = Debug|Any CPU
		{5AB60654-09C1-4002-B0FB-2CAD9E932540}.Debug|Any CPU.Build.0 = Debug|Any CPU
		{5AB60654-09C1-4002-B0FB-2CAD9E932540}.Debug|Any CPU.Deploy.0 = Debug|Any CPU
		{5AB60654-09C1-4002-B0FB-2CAD9E932540}.Debug|iPhone.ActiveCfg = Debug|Any CPU
		{5AB60654-09C1-4002-B0FB-2CAD9E932540}.Debug|iPhone.Build.0 = Debug|Any CPU
		{5AB60654-09C1-4002-B0FB-2CAD9E932540}.Debug|iPhone.Deploy.0 = Debug|Any CPU
		{5AB60654-09C1-4002-B0FB-2CAD9E932540}.Debug|iPhoneSimulator.ActiveCfg = Debug|Any CPU
		{5AB60654-09C1-4002-B0FB-2CAD9E932540}.Debug|iPhoneSimulator.Build.0 = Debug|Any CPU
		{5AB60654-09C1-4002-B0FB-2CAD9E932540}.Debug|iPhoneSimulator.Deploy.0 = Debug|Any CPU
		{5AB60654-09C1-4002-B0FB-2CAD9E932540}.Release|Any CPU.ActiveCfg = Debug|Any CPU
		{5AB60654-09C1-4002-B0FB-2CAD9E932540}.Release|Any CPU.Build.0 = Debug|Any CPU
		{5AB60654-09C1-4002-B0FB-2CAD9E932540}.Release|Any CPU.Deploy.0 = Debug|Any CPU
		{5AB60654-09C1-4002-B0FB-2CAD9E932540}.Release|iPhone.ActiveCfg = Debug|Any CPU
		{5AB60654-09C1-4002-B0FB-2CAD9E932540}.Release|iPhone.Build.0 = Debug|Any CPU
		{5AB60654-09C1-4002-B0FB-2CAD9E932540}.Release|iPhone.Deploy.0 = Debug|Any CPU
		{5AB60654-09C1-4002-B0FB-2CAD9E932540}.Release|iPhoneSimulator.ActiveCfg = Debug|Any CPU
		{5AB60654-09C1-4002-B0FB-2CAD9E932540}.Release|iPhoneSimulator.Build.0 = Debug|Any CPU
		{5AB60654-09C1-4002-B0FB-2CAD9E932540}.Release|iPhoneSimulator.Deploy.0 = Debug|Any CPU
		{A637DC37-4987-4DAD-A220-BA3EFB9B0AB7}.Debug|Any CPU.ActiveCfg = Debug|iPhoneSimulator
		{A637DC37-4987-4DAD-A220-BA3EFB9B0AB7}.Debug|Any CPU.Build.0 = Debug|iPhoneSimulator
		{A637DC37-4987-4DAD-A220-BA3EFB9B0AB7}.Debug|Any CPU.Deploy.0 = Debug|iPhoneSimulator
		{A637DC37-4987-4DAD-A220-BA3EFB9B0AB7}.Debug|iPhone.ActiveCfg = Release|iPhoneSimulator
		{A637DC37-4987-4DAD-A220-BA3EFB9B0AB7}.Debug|iPhone.Build.0 = Release|iPhoneSimulator
		{A637DC37-4987-4DAD-A220-BA3EFB9B0AB7}.Debug|iPhone.Deploy.0 = Release|iPhoneSimulator
		{A637DC37-4987-4DAD-A220-BA3EFB9B0AB7}.Debug|iPhoneSimulator.ActiveCfg = Release|iPhoneSimulator
		{A637DC37-4987-4DAD-A220-BA3EFB9B0AB7}.Debug|iPhoneSimulator.Build.0 = Release|iPhoneSimulator
		{A637DC37-4987-4DAD-A220-BA3EFB9B0AB7}.Debug|iPhoneSimulator.Deploy.0 = Release|iPhoneSimulator
		{A637DC37-4987-4DAD-A220-BA3EFB9B0AB7}.Release|Any CPU.ActiveCfg = Release|iPhoneSimulator
		{A637DC37-4987-4DAD-A220-BA3EFB9B0AB7}.Release|Any CPU.Build.0 = Release|iPhoneSimulator
		{A637DC37-4987-4DAD-A220-BA3EFB9B0AB7}.Release|Any CPU.Deploy.0 = Release|iPhoneSimulator
		{A637DC37-4987-4DAD-A220-BA3EFB9B0AB7}.Release|iPhone.ActiveCfg = Release|iPhoneSimulator
		{A637DC37-4987-4DAD-A220-BA3EFB9B0AB7}.Release|iPhone.Build.0 = Release|iPhoneSimulator
		{A637DC37-4987-4DAD-A220-BA3EFB9B0AB7}.Release|iPhone.Deploy.0 = Release|iPhoneSimulator
		{A637DC37-4987-4DAD-A220-BA3EFB9B0AB7}.Release|iPhoneSimulator.ActiveCfg = Release|iPhoneSimulator
		{A637DC37-4987-4DAD-A220-BA3EFB9B0AB7}.Release|iPhoneSimulator.Build.0 = Release|iPhoneSimulator
		{A637DC37-4987-4DAD-A220-BA3EFB9B0AB7}.Release|iPhoneSimulator.Deploy.0 = Release|iPhoneSimulator
		{35DCD3F3-9446-425C-A5B2-EDE62D5B0203}.Debug|Any CPU.ActiveCfg = Debug|Any CPU
		{35DCD3F3-9446-425C-A5B2-EDE62D5B0203}.Debug|Any CPU.Build.0 = Debug|Any CPU
		{35DCD3F3-9446-425C-A5B2-EDE62D5B0203}.Debug|Any CPU.Deploy.0 = Debug|Any CPU
		{35DCD3F3-9446-425C-A5B2-EDE62D5B0203}.Debug|iPhone.ActiveCfg = Debug|Any CPU
		{35DCD3F3-9446-425C-A5B2-EDE62D5B0203}.Debug|iPhone.Build.0 = Debug|Any CPU
		{35DCD3F3-9446-425C-A5B2-EDE62D5B0203}.Debug|iPhone.Deploy.0 = Debug|Any CPU
		{35DCD3F3-9446-425C-A5B2-EDE62D5B0203}.Debug|iPhoneSimulator.ActiveCfg = Debug|Any CPU
		{35DCD3F3-9446-425C-A5B2-EDE62D5B0203}.Debug|iPhoneSimulator.Build.0 = Debug|Any CPU
		{35DCD3F3-9446-425C-A5B2-EDE62D5B0203}.Debug|iPhoneSimulator.Deploy.0 = Debug|Any CPU
		{35DCD3F3-9446-425C-A5B2-EDE62D5B0203}.Release|Any CPU.ActiveCfg = Debug|Any CPU
		{35DCD3F3-9446-425C-A5B2-EDE62D5B0203}.Release|Any CPU.Build.0 = Debug|Any CPU
		{35DCD3F3-9446-425C-A5B2-EDE62D5B0203}.Release|Any CPU.Deploy.0 = Debug|Any CPU
		{35DCD3F3-9446-425C-A5B2-EDE62D5B0203}.Release|iPhone.ActiveCfg = Debug|Any CPU
		{35DCD3F3-9446-425C-A5B2-EDE62D5B0203}.Release|iPhone.Build.0 = Debug|Any CPU
		{35DCD3F3-9446-425C-A5B2-EDE62D5B0203}.Release|iPhone.Deploy.0 = Debug|Any CPU
		{35DCD3F3-9446-425C-A5B2-EDE62D5B0203}.Release|iPhoneSimulator.ActiveCfg = Debug|Any CPU
		{35DCD3F3-9446-425C-A5B2-EDE62D5B0203}.Release|iPhoneSimulator.Build.0 = Debug|Any CPU
		{35DCD3F3-9446-425C-A5B2-EDE62D5B0203}.Release|iPhoneSimulator.Deploy.0 = Debug|Any CPU
		{58E921AD-82D9-4A58-9581-0EE09429EC78}.Debug|Any CPU.ActiveCfg = Debug|Any CPU
		{58E921AD-82D9-4A58-9581-0EE09429EC78}.Debug|Any CPU.Build.0 = Debug|Any CPU
		{58E921AD-82D9-4A58-9581-0EE09429EC78}.Debug|Any CPU.Deploy.0 = Debug|Any CPU
		{58E921AD-82D9-4A58-9581-0EE09429EC78}.Debug|iPhone.ActiveCfg = Release|Any CPU
		{58E921AD-82D9-4A58-9581-0EE09429EC78}.Debug|iPhone.Build.0 = Release|Any CPU
		{58E921AD-82D9-4A58-9581-0EE09429EC78}.Debug|iPhone.Deploy.0 = Release|Any CPU
		{58E921AD-82D9-4A58-9581-0EE09429EC78}.Debug|iPhoneSimulator.ActiveCfg = Release|Any CPU
		{58E921AD-82D9-4A58-9581-0EE09429EC78}.Debug|iPhoneSimulator.Build.0 = Release|Any CPU
		{58E921AD-82D9-4A58-9581-0EE09429EC78}.Debug|iPhoneSimulator.Deploy.0 = Release|Any CPU
		{58E921AD-82D9-4A58-9581-0EE09429EC78}.Release|Any CPU.ActiveCfg = Release|Any CPU
		{58E921AD-82D9-4A58-9581-0EE09429EC78}.Release|Any CPU.Build.0 = Release|Any CPU
		{58E921AD-82D9-4A58-9581-0EE09429EC78}.Release|Any CPU.Deploy.0 = Release|Any CPU
		{58E921AD-82D9-4A58-9581-0EE09429EC78}.Release|iPhone.ActiveCfg = Release|Any CPU
		{58E921AD-82D9-4A58-9581-0EE09429EC78}.Release|iPhone.Build.0 = Release|Any CPU
		{58E921AD-82D9-4A58-9581-0EE09429EC78}.Release|iPhone.Deploy.0 = Release|Any CPU
		{58E921AD-82D9-4A58-9581-0EE09429EC78}.Release|iPhoneSimulator.ActiveCfg = Release|Any CPU
		{58E921AD-82D9-4A58-9581-0EE09429EC78}.Release|iPhoneSimulator.Build.0 = Release|Any CPU
		{58E921AD-82D9-4A58-9581-0EE09429EC78}.Release|iPhoneSimulator.Deploy.0 = Release|Any CPU
		{3B54F267-BDCE-4DF0-9BFE-F9BAA6F935D0}.Debug|Any CPU.ActiveCfg = Debug|iPhoneSimulator
		{3B54F267-BDCE-4DF0-9BFE-F9BAA6F935D0}.Debug|Any CPU.Build.0 = Debug|iPhoneSimulator
		{3B54F267-BDCE-4DF0-9BFE-F9BAA6F935D0}.Debug|iPhone.ActiveCfg = Release|iPhoneSimulator
		{3B54F267-BDCE-4DF0-9BFE-F9BAA6F935D0}.Debug|iPhone.Build.0 = Debug|iPhone
		{3B54F267-BDCE-4DF0-9BFE-F9BAA6F935D0}.Debug|iPhoneSimulator.ActiveCfg = Release|iPhoneSimulator
		{3B54F267-BDCE-4DF0-9BFE-F9BAA6F935D0}.Debug|iPhoneSimulator.Build.0 = Debug|iPhoneSimulator
		{3B54F267-BDCE-4DF0-9BFE-F9BAA6F935D0}.Release|Any CPU.ActiveCfg = Release|iPhoneSimulator
		{3B54F267-BDCE-4DF0-9BFE-F9BAA6F935D0}.Release|iPhone.ActiveCfg = Release|iPhoneSimulator
		{3B54F267-BDCE-4DF0-9BFE-F9BAA6F935D0}.Release|iPhone.Build.0 = Release|iPhone
		{3B54F267-BDCE-4DF0-9BFE-F9BAA6F935D0}.Release|iPhoneSimulator.ActiveCfg = Release|iPhoneSimulator
		{3B54F267-BDCE-4DF0-9BFE-F9BAA6F935D0}.Release|iPhoneSimulator.Build.0 = Release|iPhoneSimulator
		{A1104547-3E30-498A-8591-D186039D8746}.Debug|Any CPU.ActiveCfg = Debug|Any CPU
		{A1104547-3E30-498A-8591-D186039D8746}.Debug|Any CPU.Build.0 = Debug|Any CPU
		{A1104547-3E30-498A-8591-D186039D8746}.Debug|iPhone.ActiveCfg = Release|Any CPU
		{A1104547-3E30-498A-8591-D186039D8746}.Debug|iPhone.Build.0 = Release|Any CPU
		{A1104547-3E30-498A-8591-D186039D8746}.Debug|iPhoneSimulator.ActiveCfg = Release|Any CPU
		{A1104547-3E30-498A-8591-D186039D8746}.Debug|iPhoneSimulator.Build.0 = Release|Any CPU
		{A1104547-3E30-498A-8591-D186039D8746}.Release|Any CPU.ActiveCfg = Release|Any CPU
		{A1104547-3E30-498A-8591-D186039D8746}.Release|Any CPU.Build.0 = Release|Any CPU
		{A1104547-3E30-498A-8591-D186039D8746}.Release|iPhone.ActiveCfg = Release|Any CPU
		{A1104547-3E30-498A-8591-D186039D8746}.Release|iPhone.Build.0 = Release|Any CPU
		{A1104547-3E30-498A-8591-D186039D8746}.Release|iPhoneSimulator.ActiveCfg = Release|Any CPU
		{A1104547-3E30-498A-8591-D186039D8746}.Release|iPhoneSimulator.Build.0 = Release|Any CPU
		{30566CFB-4A26-4E88-8FD1-0A3444113981}.Debug|Any CPU.ActiveCfg = Debug|Any CPU
		{30566CFB-4A26-4E88-8FD1-0A3444113981}.Debug|Any CPU.Build.0 = Debug|Any CPU
		{30566CFB-4A26-4E88-8FD1-0A3444113981}.Debug|iPhone.ActiveCfg = Release|Any CPU
		{30566CFB-4A26-4E88-8FD1-0A3444113981}.Debug|iPhone.Build.0 = Release|Any CPU
		{30566CFB-4A26-4E88-8FD1-0A3444113981}.Debug|iPhoneSimulator.ActiveCfg = Release|Any CPU
		{30566CFB-4A26-4E88-8FD1-0A3444113981}.Debug|iPhoneSimulator.Build.0 = Release|Any CPU
		{30566CFB-4A26-4E88-8FD1-0A3444113981}.Release|Any CPU.ActiveCfg = Release|Any CPU
		{30566CFB-4A26-4E88-8FD1-0A3444113981}.Release|Any CPU.Build.0 = Release|Any CPU
		{30566CFB-4A26-4E88-8FD1-0A3444113981}.Release|iPhone.ActiveCfg = Release|Any CPU
		{30566CFB-4A26-4E88-8FD1-0A3444113981}.Release|iPhone.Build.0 = Release|Any CPU
		{30566CFB-4A26-4E88-8FD1-0A3444113981}.Release|iPhoneSimulator.ActiveCfg = Release|Any CPU
		{30566CFB-4A26-4E88-8FD1-0A3444113981}.Release|iPhoneSimulator.Build.0 = Release|Any CPU
		{B29B19A1-06F3-4B2C-8D31-D0F2433D63C8}.Debug|Any CPU.ActiveCfg = Debug|Any CPU
		{B29B19A1-06F3-4B2C-8D31-D0F2433D63C8}.Debug|Any CPU.Build.0 = Debug|Any CPU
		{B29B19A1-06F3-4B2C-8D31-D0F2433D63C8}.Debug|iPhone.ActiveCfg = Debug|Any CPU
		{B29B19A1-06F3-4B2C-8D31-D0F2433D63C8}.Debug|iPhone.Build.0 = Debug|Any CPU
		{B29B19A1-06F3-4B2C-8D31-D0F2433D63C8}.Debug|iPhoneSimulator.ActiveCfg = Debug|Any CPU
		{B29B19A1-06F3-4B2C-8D31-D0F2433D63C8}.Debug|iPhoneSimulator.Build.0 = Debug|Any CPU
		{B29B19A1-06F3-4B2C-8D31-D0F2433D63C8}.Release|Any CPU.ActiveCfg = Debug|Any CPU
		{B29B19A1-06F3-4B2C-8D31-D0F2433D63C8}.Release|Any CPU.Build.0 = Debug|Any CPU
		{B29B19A1-06F3-4B2C-8D31-D0F2433D63C8}.Release|iPhone.ActiveCfg = Release|Any CPU
		{B29B19A1-06F3-4B2C-8D31-D0F2433D63C8}.Release|iPhone.Build.0 = Release|Any CPU
		{B29B19A1-06F3-4B2C-8D31-D0F2433D63C8}.Release|iPhoneSimulator.ActiveCfg = Release|Any CPU
		{B29B19A1-06F3-4B2C-8D31-D0F2433D63C8}.Release|iPhoneSimulator.Build.0 = Release|Any CPU
	EndGlobalSection
	GlobalSection(SolutionProperties) = preSolution
		HideSolutionNode = FALSE
	EndGlobalSection
	GlobalSection(NestedProjects) = preSolution
		{5AB60654-09C1-4002-B0FB-2CAD9E932540} = {75CD8063-E6C2-43FF-9892-A86A622AA31B}
		{A637DC37-4987-4DAD-A220-BA3EFB9B0AB7} = {75CD8063-E6C2-43FF-9892-A86A622AA31B}
		{35DCD3F3-9446-425C-A5B2-EDE62D5B0203} = {75CD8063-E6C2-43FF-9892-A86A622AA31B}
		{58E921AD-82D9-4A58-9581-0EE09429EC78} = {00BD5829-F81D-4037-807E-3951354A400B}
		{3B54F267-BDCE-4DF0-9BFE-F9BAA6F935D0} = {00BD5829-F81D-4037-807E-3951354A400B}
		{A1104547-3E30-498A-8591-D186039D8746} = {00BD5829-F81D-4037-807E-3951354A400B}
		{00BD5829-F81D-4037-807E-3951354A400B} = {44D318D2-38A9-44CE-908A-E36025456DF1}
		{3A356063-950E-4BDB-8E17-665C4E07C181} = {44D318D2-38A9-44CE-908A-E36025456DF1}
		{30566CFB-4A26-4E88-8FD1-0A3444113981} = {9F39D4C6-5FC1-4922-A3CF-84655E33B39D}
		{B29B19A1-06F3-4B2C-8D31-D0F2433D63C8} = {3A356063-950E-4BDB-8E17-665C4E07C181}
	EndGlobalSection
	GlobalSection(ExtensibilityGlobals) = postSolution
		SolutionGuid = {7C5846BF-59A4-4B17-875F-D83F1A025E0E}
	EndGlobalSection
EndGlobal
